
Microsoft Visual Studio Solution File, Format Version 12.00
# Visual Studio Version 16
VisualStudioVersion = 16.0.31729.503
MinimumVisualStudioVersion = 10.0.40219.1
Project("{FAE04EC0-301F-11D3-BF4B-00C04F79EFBC}") = "002使用ofType筛选数据", "001IEnumerable\002使用ofType筛选数据.csproj", "{C06CDCCC-E637-4C3D-9BD1-756329E84176}"
EndProject
Project("{FAE04EC0-301F-11D3-BF4B-00C04F79EFBC}") = "001使用Linq查询非泛型集合", "002使用Linq查询非泛型集合\001使用Linq查询非泛型集合.csproj", "{A7F5F325-7661-4F47-BEF8-70CAA93215CE}"
EndProject
Project("{FAE04EC0-301F-11D3-BF4B-00C04F79EFBC}") = "000数组的ForEach函数", "000数组的ForEach函数\000数组的ForEach函数.csproj", "{845A29A4-BF3D-43C8-A01D-9A1045FBA4CB}"
EndProject
Project("{FAE04EC0-301F-11D3-BF4B-00C04F79EFBC}") = "003Except函数-比较不同", "003Except函数\003Except函数-比较不同.csproj", "{E864A1EC-1D95-466D-BF14-F38BEB7C03B2}"
EndProject
Project("{FAE04EC0-301F-11D3-BF4B-00C04F79EFBC}") = "004Intersect函数-交集", "004Intersect函数-交集\004Intersect函数-交集.csproj", "{B13F3146-1328-4243-AA29-4B47B7D42F68}"
EndProject
Project("{FAE04EC0-301F-11D3-BF4B-00C04F79EFBC}") = "005Union函数-并集", "005Union函数-并集\005Union函数-并集.csproj", "{B4852DA7-3729-4BCD-AC43-54AB9538570B}"
EndProject
Project("{FAE04EC0-301F-11D3-BF4B-00C04F79EFBC}") = "006Concat函数-合并多个集合", "006Concat函数-合并多个集合\006Concat函数-合并多个集合.csproj", "{8D0C14B9-EBF1-49CC-A000-05FF04F9A084}"
EndProject
Project("{FAE04EC0-301F-11D3-BF4B-00C04F79EFBC}") = "007Distinct函数-移除重复", "007Distinct函数-移除重复\007Distinct函数-移除重复.csproj", "{C8E17C5C-957F-4E78-9C69-BE0ED97E03DF}"
EndProject
Project("{FAE04EC0-301F-11D3-BF4B-00C04F79EFBC}") = "008聚合函数", "008聚合函数\008聚合函数.csproj", "{11AD1AEC-E3F9-4DE4-8592-F402781D2B24}"
EndProject
Project("{FAE04EC0-301F-11D3-BF4B-00C04F79EFBC}") = "009Contains", "009Contains\009Contains.csproj", "{CB0B59E2-72F4-4BD1-BE5F-EB6F7032214B}"
EndProject
Project("{FAE04EC0-301F-11D3-BF4B-00C04F79EFBC}") = "010 使用Select将单词的首字母改为大写", "010 使用Select将单词的首字母改为大写\010 使用Select将单词的首字母改为大写.csproj", "{A795CA2E-D7E7-4CA3-B3ED-BAF7A3F0E6FE}"
EndProject
Project("{FAE04EC0-301F-11D3-BF4B-00C04F79EFBC}") = "011SelectMany函数", "011SelectMany函数\011SelectMany函数.csproj", "{92554F9B-91A2-4026-B9A6-808516302914}"
EndProject
Project("{FAE04EC0-301F-11D3-BF4B-00C04F79EFBC}") = "012使用let关键字", "012使用let关键字\012使用let关键字.csproj", "{C354BF10-680C-431F-AA75-B158EED16F89}"
EndProject
Project("{FAE04EC0-301F-11D3-BF4B-00C04F79EFBC}") = "013GroupBy", "012groupz子句\013GroupBy.csproj", "{99F8D05B-4C1B-4B5B-81CD-0420AE4780EA}"
EndProject
Project("{FAE04EC0-301F-11D3-BF4B-00C04F79EFBC}") = "014查询延续", "014查询延续\014查询延续.csproj", "{E2FC81C0-F1BE-4605-BA02-D7360F9C6D76}"
EndProject
Project("{FAE04EC0-301F-11D3-BF4B-00C04F79EFBC}") = "015关于Enumerable中的方法", "015关于Enumerable中的方法\015关于Enumerable中的方法.csproj", "{0F3F6516-CFEE-42E8-9A25-77F56BE64F5B}"
EndProject
Project("{FAE04EC0-301F-11D3-BF4B-00C04F79EFBC}") = "016Aggregate累加器函数", "016Aggregate累加器函数\016Aggregate累加器函数.csproj", "{5BCBC0D5-5A3C-4839-87FE-64507D98BCFE}"
EndProject
Project("{FAE04EC0-301F-11D3-BF4B-00C04F79EFBC}") = "016Aggregate累加器函数2", "016Aggregate累加器函数2\016Aggregate累加器函数2.csproj", "{71B44015-BFFA-4C0C-9B8C-023BAF141417}"
EndProject
Project("{FAE04EC0-301F-11D3-BF4B-00C04F79EFBC}") = "017关于XML", "017关于XML\017关于XML.csproj", "{BB30B8A7-3D81-4CEC-9F76-A3E3A17274D2}"
EndProject
Project("{FAE04EC0-301F-11D3-BF4B-00C04F79EFBC}") = "018Join", "018Join\018Join.csproj", "{B7661BF0-F2AE-41A2-BDAE-56C347A9E2FD}"
EndProject
Project("{FAE04EC0-301F-11D3-BF4B-00C04F79EFBC}") = "019综合demo", "019综合demo\019综合demo.csproj", "{C6EE3047-F42D-4011-8915-51CD0BF84C7B}"
EndProject
Project("{FAE04EC0-301F-11D3-BF4B-00C04F79EFBC}") = "020关于查询语法和方法语法", "020关于查询语法和方法语法\020关于查询语法和方法语法.csproj", "{753CAD42-37C4-40FE-9CB1-AFF78BC0BC3B}"
EndProject
Project("{FAE04EC0-301F-11D3-BF4B-00C04F79EFBC}") = "007-2对象集合去重", "007-2对象集合去重\007-2对象集合去重.csproj", "{CB6C4BC5-F575-4FD0-864B-647A4D124EA1}"
EndProject
Project("{FAE04EC0-301F-11D3-BF4B-00C04F79EFBC}") = "0000扩展方法+委托做参数", "0000扩展方法&委托做参数\0000扩展方法+委托做参数.csproj", "{187092F0-1D3D-46DC-B91F-B1F8FDF874E7}"
EndProject
Global
	GlobalSection(SolutionConfigurationPlatforms) = preSolution
		Debug|Any CPU = Debug|Any CPU
		Release|Any CPU = Release|Any CPU
	EndGlobalSection
	GlobalSection(ProjectConfigurationPlatforms) = postSolution
		{C06CDCCC-E637-4C3D-9BD1-756329E84176}.Debug|Any CPU.ActiveCfg = Debug|Any CPU
		{C06CDCCC-E637-4C3D-9BD1-756329E84176}.Debug|Any CPU.Build.0 = Debug|Any CPU
		{C06CDCCC-E637-4C3D-9BD1-756329E84176}.Release|Any CPU.ActiveCfg = Release|Any CPU
		{C06CDCCC-E637-4C3D-9BD1-756329E84176}.Release|Any CPU.Build.0 = Release|Any CPU
		{A7F5F325-7661-4F47-BEF8-70CAA93215CE}.Debug|Any CPU.ActiveCfg = Debug|Any CPU
		{A7F5F325-7661-4F47-BEF8-70CAA93215CE}.Debug|Any CPU.Build.0 = Debug|Any CPU
		{A7F5F325-7661-4F47-BEF8-70CAA93215CE}.Release|Any CPU.ActiveCfg = Release|Any CPU
		{A7F5F325-7661-4F47-BEF8-70CAA93215CE}.Release|Any CPU.Build.0 = Release|Any CPU
		{845A29A4-BF3D-43C8-A01D-9A1045FBA4CB}.Debug|Any CPU.ActiveCfg = Debug|Any CPU
		{845A29A4-BF3D-43C8-A01D-9A1045FBA4CB}.Debug|Any CPU.Build.0 = Debug|Any CPU
		{845A29A4-BF3D-43C8-A01D-9A1045FBA4CB}.Release|Any CPU.ActiveCfg = Release|Any CPU
		{845A29A4-BF3D-43C8-A01D-9A1045FBA4CB}.Release|Any CPU.Build.0 = Release|Any CPU
		{E864A1EC-1D95-466D-BF14-F38BEB7C03B2}.Debug|Any CPU.ActiveCfg = Debug|Any CPU
		{E864A1EC-1D95-466D-BF14-F38BEB7C03B2}.Debug|Any CPU.Build.0 = Debug|Any CPU
		{E864A1EC-1D95-466D-BF14-F38BEB7C03B2}.Release|Any CPU.ActiveCfg = Release|Any CPU
		{E864A1EC-1D95-466D-BF14-F38BEB7C03B2}.Release|Any CPU.Build.0 = Release|Any CPU
		{B13F3146-1328-4243-AA29-4B47B7D42F68}.Debug|Any CPU.ActiveCfg = Debug|Any CPU
		{B13F3146-1328-4243-AA29-4B47B7D42F68}.Debug|Any CPU.Build.0 = Debug|Any CPU
		{B13F3146-1328-4243-AA29-4B47B7D42F68}.Release|Any CPU.ActiveCfg = Release|Any CPU
		{B13F3146-1328-4243-AA29-4B47B7D42F68}.Release|Any CPU.Build.0 = Release|Any CPU
		{B4852DA7-3729-4BCD-AC43-54AB9538570B}.Debug|Any CPU.ActiveCfg = Debug|Any CPU
		{B4852DA7-3729-4BCD-AC43-54AB9538570B}.Debug|Any CPU.Build.0 = Debug|Any CPU
		{B4852DA7-3729-4BCD-AC43-54AB9538570B}.Release|Any CPU.ActiveCfg = Release|Any CPU
		{B4852DA7-3729-4BCD-AC43-54AB9538570B}.Release|Any CPU.Build.0 = Release|Any CPU
		{8D0C14B9-EBF1-49CC-A000-05FF04F9A084}.Debug|Any CPU.ActiveCfg = Debug|Any CPU
		{8D0C14B9-EBF1-49CC-A000-05FF04F9A084}.Debug|Any CPU.Build.0 = Debug|Any CPU
		{8D0C14B9-EBF1-49CC-A000-05FF04F9A084}.Release|Any CPU.ActiveCfg = Release|Any CPU
		{8D0C14B9-EBF1-49CC-A000-05FF04F9A084}.Release|Any CPU.Build.0 = Release|Any CPU
		{C8E17C5C-957F-4E78-9C69-BE0ED97E03DF}.Debug|Any CPU.ActiveCfg = Debug|Any CPU
		{C8E17C5C-957F-4E78-9C69-BE0ED97E03DF}.Debug|Any CPU.Build.0 = Debug|Any CPU
		{C8E17C5C-957F-4E78-9C69-BE0ED97E03DF}.Release|Any CPU.ActiveCfg = Release|Any CPU
		{C8E17C5C-957F-4E78-9C69-BE0ED97E03DF}.Release|Any CPU.Build.0 = Release|Any CPU
		{11AD1AEC-E3F9-4DE4-8592-F402781D2B24}.Debug|Any CPU.ActiveCfg = Debug|Any CPU
		{11AD1AEC-E3F9-4DE4-8592-F402781D2B24}.Debug|Any CPU.Build.0 = Debug|Any CPU
		{11AD1AEC-E3F9-4DE4-8592-F402781D2B24}.Release|Any CPU.ActiveCfg = Release|Any CPU
		{11AD1AEC-E3F9-4DE4-8592-F402781D2B24}.Release|Any CPU.Build.0 = Release|Any CPU
		{CB0B59E2-72F4-4BD1-BE5F-EB6F7032214B}.Debug|Any CPU.ActiveCfg = Debug|Any CPU
		{CB0B59E2-72F4-4BD1-BE5F-EB6F7032214B}.Debug|Any CPU.Build.0 = Debug|Any CPU
		{CB0B59E2-72F4-4BD1-BE5F-EB6F7032214B}.Release|Any CPU.ActiveCfg = Release|Any CPU
		{CB0B59E2-72F4-4BD1-BE5F-EB6F7032214B}.Release|Any CPU.Build.0 = Release|Any CPU
		{A795CA2E-D7E7-4CA3-B3ED-BAF7A3F0E6FE}.Debug|Any CPU.ActiveCfg = Debug|Any CPU
		{A795CA2E-D7E7-4CA3-B3ED-BAF7A3F0E6FE}.Debug|Any CPU.Build.0 = Debug|Any CPU
		{A795CA2E-D7E7-4CA3-B3ED-BAF7A3F0E6FE}.Release|Any CPU.ActiveCfg = Release|Any CPU
		{A795CA2E-D7E7-4CA3-B3ED-BAF7A3F0E6FE}.Release|Any CPU.Build.0 = Release|Any CPU
		{92554F9B-91A2-4026-B9A6-808516302914}.Debug|Any CPU.ActiveCfg = Debug|Any CPU
		{92554F9B-91A2-4026-B9A6-808516302914}.Debug|Any CPU.Build.0 = Debug|Any CPU
		{92554F9B-91A2-4026-B9A6-808516302914}.Release|Any CPU.ActiveCfg = Release|Any CPU
		{92554F9B-91A2-4026-B9A6-808516302914}.Release|Any CPU.Build.0 = Release|Any CPU
		{C354BF10-680C-431F-AA75-B158EED16F89}.Debug|Any CPU.ActiveCfg = Debug|Any CPU
		{C354BF10-680C-431F-AA75-B158EED16F89}.Debug|Any CPU.Build.0 = Debug|Any CPU
		{C354BF10-680C-431F-AA75-B158EED16F89}.Release|Any CPU.ActiveCfg = Release|Any CPU
		{C354BF10-680C-431F-AA75-B158EED16F89}.Release|Any CPU.Build.0 = Release|Any CPU
		{99F8D05B-4C1B-4B5B-81CD-0420AE4780EA}.Debug|Any CPU.ActiveCfg = Debug|Any CPU
		{99F8D05B-4C1B-4B5B-81CD-0420AE4780EA}.Debug|Any CPU.Build.0 = Debug|Any CPU
		{99F8D05B-4C1B-4B5B-81CD-0420AE4780EA}.Release|Any CPU.ActiveCfg = Release|Any CPU
		{99F8D05B-4C1B-4B5B-81CD-0420AE4780EA}.Release|Any CPU.Build.0 = Release|Any CPU
		{E2FC81C0-F1BE-4605-BA02-D7360F9C6D76}.Debug|Any CPU.ActiveCfg = Debug|Any CPU
		{E2FC81C0-F1BE-4605-BA02-D7360F9C6D76}.Debug|Any CPU.Build.0 = Debug|Any CPU
		{E2FC81C0-F1BE-4605-BA02-D7360F9C6D76}.Release|Any CPU.ActiveCfg = Release|Any CPU
		{E2FC81C0-F1BE-4605-BA02-D7360F9C6D76}.Release|Any CPU.Build.0 = Release|Any CPU
		{0F3F6516-CFEE-42E8-9A25-77F56BE64F5B}.Debug|Any CPU.ActiveCfg = Debug|Any CPU
		{0F3F6516-CFEE-42E8-9A25-77F56BE64F5B}.Debug|Any CPU.Build.0 = Debug|Any CPU
		{0F3F6516-CFEE-42E8-9A25-77F56BE64F5B}.Release|Any CPU.ActiveCfg = Release|Any CPU
		{0F3F6516-CFEE-42E8-9A25-77F56BE64F5B}.Release|Any CPU.Build.0 = Release|Any CPU
		{5BCBC0D5-5A3C-4839-87FE-64507D98BCFE}.Debug|Any CPU.ActiveCfg = Debug|Any CPU
		{5BCBC0D5-5A3C-4839-87FE-64507D98BCFE}.Debug|Any CPU.Build.0 = Debug|Any CPU
		{5BCBC0D5-5A3C-4839-87FE-64507D98BCFE}.Release|Any CPU.ActiveCfg = Release|Any CPU
		{5BCBC0D5-5A3C-4839-87FE-64507D98BCFE}.Release|Any CPU.Build.0 = Release|Any CPU
		{71B44015-BFFA-4C0C-9B8C-023BAF141417}.Debug|Any CPU.ActiveCfg = Debug|Any CPU
		{71B44015-BFFA-4C0C-9B8C-023BAF141417}.Debug|Any CPU.Build.0 = Debug|Any CPU
		{71B44015-BFFA-4C0C-9B8C-023BAF141417}.Release|Any CPU.ActiveCfg = Release|Any CPU
		{71B44015-BFFA-4C0C-9B8C-023BAF141417}.Release|Any CPU.Build.0 = Release|Any CPU
		{BB30B8A7-3D81-4CEC-9F76-A3E3A17274D2}.Debug|Any CPU.ActiveCfg = Debug|Any CPU
		{BB30B8A7-3D81-4CEC-9F76-A3E3A17274D2}.Debug|Any CPU.Build.0 = Debug|Any CPU
		{BB30B8A7-3D81-4CEC-9F76-A3E3A17274D2}.Release|Any CPU.ActiveCfg = Release|Any CPU
		{BB30B8A7-3D81-4CEC-9F76-A3E3A17274D2}.Release|Any CPU.Build.0 = Release|Any CPU
		{B7661BF0-F2AE-41A2-BDAE-56C347A9E2FD}.Debug|Any CPU.ActiveCfg = Debug|Any CPU
		{B7661BF0-F2AE-41A2-BDAE-56C347A9E2FD}.Debug|Any CPU.Build.0 = Debug|Any CPU
		{B7661BF0-F2AE-41A2-BDAE-56C347A9E2FD}.Release|Any CPU.ActiveCfg = Release|Any CPU
		{B7661BF0-F2AE-41A2-BDAE-56C347A9E2FD}.Release|Any CPU.Build.0 = Release|Any CPU
		{C6EE3047-F42D-4011-8915-51CD0BF84C7B}.Debug|Any CPU.ActiveCfg = Debug|Any CPU
		{C6EE3047-F42D-4011-8915-51CD0BF84C7B}.Debug|Any CPU.Build.0 = Debug|Any CPU
		{C6EE3047-F42D-4011-8915-51CD0BF84C7B}.Release|Any CPU.ActiveCfg = Release|Any CPU
		{C6EE3047-F42D-4011-8915-51CD0BF84C7B}.Release|Any CPU.Build.0 = Release|Any CPU
		{753CAD42-37C4-40FE-9CB1-AFF78BC0BC3B}.Debug|Any CPU.ActiveCfg = Debug|Any CPU
		{753CAD42-37C4-40FE-9CB1-AFF78BC0BC3B}.Debug|Any CPU.Build.0 = Debug|Any CPU
		{753CAD42-37C4-40FE-9CB1-AFF78BC0BC3B}.Release|Any CPU.ActiveCfg = Release|Any CPU
		{753CAD42-37C4-40FE-9CB1-AFF78BC0BC3B}.Release|Any CPU.Build.0 = Release|Any CPU
		{CB6C4BC5-F575-4FD0-864B-647A4D124EA1}.Debug|Any CPU.ActiveCfg = Debug|Any CPU
		{CB6C4BC5-F575-4FD0-864B-647A4D124EA1}.Debug|Any CPU.Build.0 = Debug|Any CPU
		{CB6C4BC5-F575-4FD0-864B-647A4D124EA1}.Release|Any CPU.ActiveCfg = Release|Any CPU
		{CB6C4BC5-F575-4FD0-864B-647A4D124EA1}.Release|Any CPU.Build.0 = Release|Any CPU
		{187092F0-1D3D-46DC-B91F-B1F8FDF874E7}.Debug|Any CPU.ActiveCfg = Debug|Any CPU
		{187092F0-1D3D-46DC-B91F-B1F8FDF874E7}.Debug|Any CPU.Build.0 = Debug|Any CPU
		{187092F0-1D3D-46DC-B91F-B1F8FDF874E7}.Release|Any CPU.ActiveCfg = Release|Any CPU
		{187092F0-1D3D-46DC-B91F-B1F8FDF874E7}.Release|Any CPU.Build.0 = Release|Any CPU
	EndGlobalSection
	GlobalSection(SolutionProperties) = preSolution
		HideSolutionNode = FALSE
	EndGlobalSection
	GlobalSection(ExtensibilityGlobals) = postSolution
		SolutionGuid = {20D48FAE-24B4-4441-B857-DBD9971E9023}
	EndGlobalSection
EndGlobal
